
Microsoft Visual Studio Solution File, Format Version 12.00
# Visual Studio Version 17
VisualStudioVersion = 17.7.34202.233
MinimumVisualStudioVersion = 10.0.40219.1
Project("{9A19103F-16F7-4668-BE54-9A1E7A4F7556}") = "StudentFD", "StudentFD.csproj", "{72201FB8-5EF7-46AE-9012-CDE4AF94BED1}"
EndProject
Global
	GlobalSection(SolutionConfigurationPlatforms) = preSolution
		Debug|Any CPU = Debug|Any CPU
		Release|Any CPU = Release|Any CPU
	EndGlobalSection
	GlobalSection(ProjectConfigurationPlatforms) = postSolution
		{72201FB8-5EF7-46AE-9012-CDE4AF94BED1}.Debug|Any CPU.ActiveCfg = Debug|Any CPU
		{72201FB8-5EF7-46AE-9012-CDE4AF94BED1}.Debug|Any CPU.Build.0 = Debug|Any CPU
		{72201FB8-5EF7-46AE-9012-CDE4AF94BED1}.Release|Any CPU.ActiveCfg = Release|Any CPU
		{72201FB8-5EF7-46AE-9012-CDE4AF94BED1}.Release|Any CPU.Build.0 = Release|Any CPU
	EndGlobalSection
	GlobalSection(SolutionProperties) = preSolution
		HideSolutionNode = FALSE
	EndGlobalSection
	GlobalSection(ExtensibilityGlobals) = postSolution
		SolutionGuid = {B3D2D4D0-FD11-45C0-B0E6-772F61398A99}
	EndGlobalSection
EndGlobal
