
Microsoft Visual Studio Solution File, Format Version 12.00
# Visual Studio Version 17
VisualStudioVersion = 17.7.34202.233
MinimumVisualStudioVersion = 10.0.40219.1
Project("{FAE04EC0-301F-11D3-BF4B-00C04F79EFBC}") = "TokenGuyFD", "TokenGuyFD.csproj", "{2D2535AC-5147-4E5D-9CD1-8912D34F198F}"
EndProject
Global
	GlobalSection(SolutionConfigurationPlatforms) = preSolution
		Debug|Any CPU = Debug|Any CPU
		Release|Any CPU = Release|Any CPU
	EndGlobalSection
	GlobalSection(ProjectConfigurationPlatforms) = postSolution
		{2D2535AC-5147-4E5D-9CD1-8912D34F198F}.Debug|Any CPU.ActiveCfg = Debug|Any CPU
		{2D2535AC-5147-4E5D-9CD1-8912D34F198F}.Debug|Any CPU.Build.0 = Debug|Any CPU
		{2D2535AC-5147-4E5D-9CD1-8912D34F198F}.Release|Any CPU.ActiveCfg = Release|Any CPU
		{2D2535AC-5147-4E5D-9CD1-8912D34F198F}.Release|Any CPU.Build.0 = Release|Any CPU
	EndGlobalSection
	GlobalSection(SolutionProperties) = preSolution
		HideSolutionNode = FALSE
	EndGlobalSection
	GlobalSection(ExtensibilityGlobals) = postSolution
		SolutionGuid = {A7121AFB-E092-4BFB-8146-27083D5703B9}
	EndGlobalSection
EndGlobal
